{
  "name": "sleact",
  "lockfileVersion": 2,
  "requires": true,
  "packages": {
    "": {
      "dependencies": {
        "@types/react-custom-scrollbars": "^4.0.7",
        "@types/react-mentions": "^4.1.0",
        "axios": "^0.21.1",
        "react-custom-scrollbars": "^4.2.1",
        "react-mentions": "^4.1.1",
        "react-router": "^5.2.0",
        "regexify-string": "^1.0.5"
      }
    },
    "node_modules/@babel/runtime": {
      "version": "7.13.10",
      "license": "MIT",
      "dependencies": {
        "regenerator-runtime": "^0.13.4"
      }
    },
    "node_modules/@types/prop-types": {
      "version": "15.7.3",
      "resolved": "https://registry.npmjs.org/@types/prop-types/-/prop-types-15.7.3.tgz",
      "integrity": "sha512-KfRL3PuHmqQLOG+2tGpRO26Ctg+Cq1E01D2DMriKEATHgWLfeNDmq9e29Q9WIky0dQ3NPkd1mzYH8Lm936Z9qw=="
    },
    "node_modules/@types/react": {
      "version": "17.0.3",
      "resolved": "https://registry.npmjs.org/@types/react/-/react-17.0.3.tgz",
      "integrity": "sha512-wYOUxIgs2HZZ0ACNiIayItyluADNbONl7kt8lkLjVK8IitMH5QMyAh75Fwhmo37r1m7L2JaFj03sIfxBVDvRAg==",
      "dependencies": {
        "@types/prop-types": "*",
        "@types/scheduler": "*",
        "csstype": "^3.0.2"
      }
    },
    "node_modules/@types/react-custom-scrollbars": {
      "version": "4.0.7",
      "resolved": "https://registry.npmjs.org/@types/react-custom-scrollbars/-/react-custom-scrollbars-4.0.7.tgz",
      "integrity": "sha512-4QPZdwd+wmzWq9TyNSA/4MZFYvlQn1GlEFFkpFx8VSs13gR/L+hQne0vFnbzwlQmGG7OksthkoVpYxWJjzz95w==",
      "dependencies": {
        "@types/react": "*"
      }
    },
    "node_modules/@types/react-mentions": {
      "version": "4.1.0",
      "resolved": "https://registry.npmjs.org/@types/react-mentions/-/react-mentions-4.1.0.tgz",
      "integrity": "sha512-HwYX96mVzH47b+vUZLHea7gSHTheW7mqcHjxaoc+KBTBFaLlXmF4fj56LeJVatBYwgwW8GjQCqacIPwGXNBRnA==",
      "dependencies": {
        "@types/react": "*"
      }
    },
    "node_modules/@types/scheduler": {
      "version": "0.16.1",
      "resolved": "https://registry.npmjs.org/@types/scheduler/-/scheduler-0.16.1.tgz",
      "integrity": "sha512-EaCxbanVeyxDRTQBkdLb3Bvl/HK7PBK6UJjsSixB0iHKoWxE5uu2Q/DgtpOhPIojN0Zl1whvOd7PoHs2P0s5eA=="
    },
    "node_modules/add-px-to-style": {
      "version": "1.0.0",
      "resolved": "https://registry.npmjs.org/add-px-to-style/-/add-px-to-style-1.0.0.tgz",
      "integrity": "sha1-0ME1RB+oAUqBN5BFMQlvZ/KPJjo="
    },
    "node_modules/axios": {
      "version": "0.21.1",
      "license": "MIT",
      "dependencies": {
        "follow-redirects": "^1.10.0"
      }
    },
    "node_modules/csstype": {
      "version": "3.0.8",
      "resolved": "https://registry.npmjs.org/csstype/-/csstype-3.0.8.tgz",
      "integrity": "sha512-jXKhWqXPmlUeoQnF/EhTtTl4C9SnrxSH/jZUih3jmO6lBKr99rP3/+FmrMj4EFpOXzMtXHAZkd3x0E6h6Fgflw=="
    },
    "node_modules/dom-css": {
      "version": "2.1.0",
      "resolved": "https://registry.npmjs.org/dom-css/-/dom-css-2.1.0.tgz",
      "integrity": "sha1-/bwtWgFdCj4YcuEUcrvQ57nmogI=",
      "dependencies": {
        "add-px-to-style": "1.0.0",
        "prefix-style": "2.0.1",
        "to-camel-case": "1.0.0"
      }
    },
    "node_modules/follow-redirects": {
      "version": "1.13.3",
      "funding": [
        {
          "type": "individual",
          "url": "https://github.com/sponsors/RubenVerborgh"
        }
      ],
      "license": "MIT",
      "engines": {
        "node": ">=4.0"
      },
      "peerDependenciesMeta": {
        "debug": {
          "optional": true
        }
      }
    },
    "node_modules/history": {
      "version": "4.10.1",
      "license": "MIT",
      "dependencies": {
        "@babel/runtime": "^7.1.2",
        "loose-envify": "^1.2.0",
        "resolve-pathname": "^3.0.0",
        "tiny-invariant": "^1.0.2",
        "tiny-warning": "^1.0.0",
        "value-equal": "^1.0.1"
      }
    },
    "node_modules/hoist-non-react-statics": {
      "version": "3.3.2",
      "license": "BSD-3-Clause",
      "dependencies": {
        "react-is": "^16.7.0"
      }
    },
    "node_modules/invariant": {
      "version": "2.2.4",
      "resolved": "https://registry.npmjs.org/invariant/-/invariant-2.2.4.tgz",
      "integrity": "sha512-phJfQVBuaJM5raOpJjSfkiD6BpbCE4Ns//LaXl6wGYtUBY83nWS6Rf9tXm2e8VaK60JEjYldbPif/A2B1C2gNA==",
      "dependencies": {
        "loose-envify": "^1.0.0"
      }
    },
    "node_modules/isarray": {
      "version": "0.0.1",
      "license": "MIT"
    },
    "node_modules/js-tokens": {
      "version": "4.0.0",
      "license": "MIT"
    },
    "node_modules/loose-envify": {
      "version": "1.4.0",
      "license": "MIT",
      "dependencies": {
        "js-tokens": "^3.0.0 || ^4.0.0"
      },
      "bin": {
        "loose-envify": "cli.js"
      }
    },
    "node_modules/mini-create-react-context": {
      "version": "0.4.1",
      "license": "MIT",
      "dependencies": {
        "@babel/runtime": "^7.12.1",
        "tiny-warning": "^1.0.3"
      },
      "peerDependencies": {
        "prop-types": "^15.0.0",
        "react": "^0.14.0 || ^15.0.0 || ^16.0.0 || ^17.0.0"
      }
    },
    "node_modules/object-assign": {
      "version": "4.1.1",
      "license": "MIT",
      "engines": {
        "node": ">=0.10.0"
      }
    },
    "node_modules/path-to-regexp": {
      "version": "1.8.0",
      "license": "MIT",
      "dependencies": {
        "isarray": "0.0.1"
      }
    },
    "node_modules/performance-now": {
      "version": "2.1.0",
      "resolved": "https://registry.npmjs.org/performance-now/-/performance-now-2.1.0.tgz",
      "integrity": "sha1-Ywn04OX6kT7BxpMHrjZLSzd8nns="
    },
    "node_modules/prefix-style": {
      "version": "2.0.1",
      "resolved": "https://registry.npmjs.org/prefix-style/-/prefix-style-2.0.1.tgz",
      "integrity": "sha1-ZrupqHDP2jCKXcIOhekSCTLJWgY="
    },
    "node_modules/prop-types": {
      "version": "15.7.2",
      "license": "MIT",
      "dependencies": {
        "loose-envify": "^1.4.0",
        "object-assign": "^4.1.1",
        "react-is": "^16.8.1"
      }
    },
    "node_modules/raf": {
      "version": "3.4.1",
      "resolved": "https://registry.npmjs.org/raf/-/raf-3.4.1.tgz",
      "integrity": "sha512-Sq4CW4QhwOHE8ucn6J34MqtZCeWFP2aQSmrlroYgqAV1PjStIhJXxYuTgUIfkEk7zTLjmIjLmU5q+fbD1NnOJA==",
      "dependencies": {
        "performance-now": "^2.1.0"
      }
    },
    "node_modules/react": {
      "version": "16.14.0",
      "resolved": "https://registry.npmjs.org/react/-/react-16.14.0.tgz",
      "integrity": "sha512-0X2CImDkJGApiAlcf0ODKIneSwBPhqJawOa5wCtKbu7ZECrmS26NvtSILynQ66cgkT/RJ4LidJOc3bUESwmU8g==",
      "peer": true,
      "dependencies": {
        "loose-envify": "^1.1.0",
        "object-assign": "^4.1.1",
        "prop-types": "^15.6.2"
      },
      "engines": {
        "node": ">=0.10.0"
      }
    },
    "node_modules/react-custom-scrollbars": {
      "version": "4.2.1",
      "resolved": "https://registry.npmjs.org/react-custom-scrollbars/-/react-custom-scrollbars-4.2.1.tgz",
      "integrity": "sha1-gw/ZUCkn6X6KeMIIaBOJmyqLZts=",
      "dependencies": {
        "dom-css": "^2.0.0",
        "prop-types": "^15.5.10",
        "raf": "^3.1.0"
      },
      "peerDependencies": {
        "react": "^0.14.0 || ^15.0.0 || ^16.0.0",
        "react-dom": "^0.14.0 || ^15.0.0 || ^16.0.0"
      }
    },
    "node_modules/react-dom": {
      "version": "16.14.0",
      "resolved": "https://registry.npmjs.org/react-dom/-/react-dom-16.14.0.tgz",
      "integrity": "sha512-1gCeQXDLoIqMgqD3IO2Ah9bnf0w9kzhwN5q4FGnHZ67hBm9yePzB5JJAIQCc8x3pFnNlwFq4RidZggNAAkzWWw==",
      "peer": true,
      "dependencies": {
        "loose-envify": "^1.1.0",
        "object-assign": "^4.1.1",
        "prop-types": "^15.6.2",
        "scheduler": "^0.19.1"
      },
      "peerDependencies": {
        "react": "^16.14.0"
      }
    },
    "node_modules/react-is": {
      "version": "16.13.1",
      "license": "MIT"
    },
    "node_modules/react-mentions": {
      "version": "4.1.1",
      "resolved": "https://registry.npmjs.org/react-mentions/-/react-mentions-4.1.1.tgz",
      "integrity": "sha512-+BK8dQzXPZUBFYfbv1hwbve9lp0lGYHOUyb1hk9s13mzvmVD9S+l9oszo1CaumVjYdb9olJ4NMJW2jBRGck9Rw==",
      "dependencies": {
        "@babel/runtime": "7.4.5",
        "invariant": "^2.2.4",
        "prop-types": "^15.5.8",
        "substyle": "^9.1.0"
      },
      "peerDependencies": {
        "react": ">=16.8.3",
        "react-dom": ">=16.8.3"
      }
    },
    "node_modules/react-mentions/node_modules/@babel/runtime": {
      "version": "7.4.5",
      "resolved": "https://registry.npmjs.org/@babel/runtime/-/runtime-7.4.5.tgz",
      "integrity": "sha512-TuI4qpWZP6lGOGIuGWtp9sPluqYICmbk8T/1vpSysqJxRPkudh/ofFWyqdcMsDf2s7KvDL4/YHgKyvcS3g9CJQ==",
      "dependencies": {
        "regenerator-runtime": "^0.13.2"
      }
    },
    "node_modules/react-router": {
      "version": "5.2.0",
      "license": "MIT",
      "dependencies": {
        "@babel/runtime": "^7.1.2",
        "history": "^4.9.0",
        "hoist-non-react-statics": "^3.1.0",
        "loose-envify": "^1.3.1",
        "mini-create-react-context": "^0.4.0",
        "path-to-regexp": "^1.7.0",
        "prop-types": "^15.6.2",
        "react-is": "^16.6.0",
        "tiny-invariant": "^1.0.2",
        "tiny-warning": "^1.0.0"
      },
      "peerDependencies": {
        "react": ">=15"
      }
    },
    "node_modules/regenerator-runtime": {
      "version": "0.13.7",
      "license": "MIT"
    },
    "node_modules/regexify-string": {
      "version": "1.0.5",
      "resolved": "https://registry.npmjs.org/regexify-string/-/regexify-string-1.0.5.tgz",
      "integrity": "sha512-ExFC1+ayUKWBuEAX1TyUAIr3v5s75/x29703PtXyP0rfsuOSAslqKwRc0AbwKosY6GSj/wJGxRkL9trWcdQY7A=="
    },
    "node_modules/resolve-pathname": {
      "version": "3.0.0",
      "license": "MIT"
    },
    "node_modules/scheduler": {
      "version": "0.19.1",
      "resolved": "https://registry.npmjs.org/scheduler/-/scheduler-0.19.1.tgz",
      "integrity": "sha512-n/zwRWRYSUj0/3g/otKDRPMh6qv2SYMWNq85IEa8iZyAv8od9zDYpGSnpBEjNgcMNq6Scbu5KfIPxNF72R/2EA==",
      "peer": true,
      "dependencies": {
        "loose-envify": "^1.1.0",
        "object-assign": "^4.1.1"
      }
    },
    "node_modules/substyle": {
      "version": "9.3.0",
      "resolved": "https://registry.npmjs.org/substyle/-/substyle-9.3.0.tgz",
      "integrity": "sha512-OK6A6EpqOfRvlwOnrgwFKIi8UDJwCQ2UB5cIJGMEFvl3zUUA83XDbRUJizECj66CdeZ9pGjkmwRxyc/9wBGQMA==",
      "dependencies": {
        "@babel/runtime": "^7.3.4",
        "invariant": "^2.2.4"
      },
      "peerDependencies": {
        "react": ">=16.8.3"
      }
    },
    "node_modules/tiny-invariant": {
      "version": "1.1.0",
      "license": "MIT"
    },
    "node_modules/tiny-warning": {
      "version": "1.0.3",
      "license": "MIT"
    },
    "node_modules/to-camel-case": {
      "version": "1.0.0",
      "resolved": "https://registry.npmjs.org/to-camel-case/-/to-camel-case-1.0.0.tgz",
      "integrity": "sha1-GlYFSy+daWKYzmamCJcyK29CPkY=",
      "dependencies": {
        "to-space-case": "^1.0.0"
      }
    },
    "node_modules/to-no-case": {
      "version": "1.0.2",
      "resolved": "https://registry.npmjs.org/to-no-case/-/to-no-case-1.0.2.tgz",
      "integrity": "sha1-xyKQcWTvaxeBMsjmmTAhLRtKoWo="
    },
    "node_modules/to-space-case": {
      "version": "1.0.0",
      "resolved": "https://registry.npmjs.org/to-space-case/-/to-space-case-1.0.0.tgz",
      "integrity": "sha1-sFLar7Gysp3HcM6gFj5ewOvJ/Bc=",
      "dependencies": {
        "to-no-case": "^1.0.0"
      }
    },
    "node_modules/value-equal": {
      "version": "1.0.1",
      "license": "MIT"
    }
  },
  "dependencies": {
    "@babel/runtime": {
      "version": "7.13.10",
      "requires": {
        "regenerator-runtime": "^0.13.4"
      }
    },
    "@types/prop-types": {
      "version": "15.7.3",
      "resolved": "https://registry.npmjs.org/@types/prop-types/-/prop-types-15.7.3.tgz",
      "integrity": "sha512-KfRL3PuHmqQLOG+2tGpRO26Ctg+Cq1E01D2DMriKEATHgWLfeNDmq9e29Q9WIky0dQ3NPkd1mzYH8Lm936Z9qw=="
    },
    "@types/react": {
      "version": "17.0.3",
      "resolved": "https://registry.npmjs.org/@types/react/-/react-17.0.3.tgz",
      "integrity": "sha512-wYOUxIgs2HZZ0ACNiIayItyluADNbONl7kt8lkLjVK8IitMH5QMyAh75Fwhmo37r1m7L2JaFj03sIfxBVDvRAg==",
      "requires": {
        "@types/prop-types": "*",
        "@types/scheduler": "*",
        "csstype": "^3.0.2"
      }
    },
    "@types/react-custom-scrollbars": {
      "version": "4.0.7",
      "resolved": "https://registry.npmjs.org/@types/react-custom-scrollbars/-/react-custom-scrollbars-4.0.7.tgz",
      "integrity": "sha512-4QPZdwd+wmzWq9TyNSA/4MZFYvlQn1GlEFFkpFx8VSs13gR/L+hQne0vFnbzwlQmGG7OksthkoVpYxWJjzz95w==",
      "requires": {
        "@types/react": "*"
      }
    },
    "@types/react-mentions": {
      "version": "4.1.0",
      "resolved": "https://registry.npmjs.org/@types/react-mentions/-/react-mentions-4.1.0.tgz",
      "integrity": "sha512-HwYX96mVzH47b+vUZLHea7gSHTheW7mqcHjxaoc+KBTBFaLlXmF4fj56LeJVatBYwgwW8GjQCqacIPwGXNBRnA==",
      "requires": {
        "@types/react": "*"
      }
    },
    "@types/scheduler": {
      "version": "0.16.1",
      "resolved": "https://registry.npmjs.org/@types/scheduler/-/scheduler-0.16.1.tgz",
      "integrity": "sha512-EaCxbanVeyxDRTQBkdLb3Bvl/HK7PBK6UJjsSixB0iHKoWxE5uu2Q/DgtpOhPIojN0Zl1whvOd7PoHs2P0s5eA=="
    },
    "add-px-to-style": {
      "version": "1.0.0",
      "resolved": "https://registry.npmjs.org/add-px-to-style/-/add-px-to-style-1.0.0.tgz",
      "integrity": "sha1-0ME1RB+oAUqBN5BFMQlvZ/KPJjo="
    },
    "axios": {
      "version": "0.21.1",
      "requires": {
        "follow-redirects": "^1.10.0"
      }
    },
    "csstype": {
      "version": "3.0.8",
      "resolved": "https://registry.npmjs.org/csstype/-/csstype-3.0.8.tgz",
      "integrity": "sha512-jXKhWqXPmlUeoQnF/EhTtTl4C9SnrxSH/jZUih3jmO6lBKr99rP3/+FmrMj4EFpOXzMtXHAZkd3x0E6h6Fgflw=="
    },
    "dom-css": {
      "version": "2.1.0",
      "resolved": "https://registry.npmjs.org/dom-css/-/dom-css-2.1.0.tgz",
      "integrity": "sha1-/bwtWgFdCj4YcuEUcrvQ57nmogI=",
      "requires": {
        "add-px-to-style": "1.0.0",
        "prefix-style": "2.0.1",
        "to-camel-case": "1.0.0"
      }
    },
    "follow-redirects": {
      "version": "1.13.3"
    },
    "history": {
      "version": "4.10.1",
      "requires": {
        "@babel/runtime": "^7.1.2",
        "loose-envify": "^1.2.0",
        "resolve-pathname": "^3.0.0",
        "tiny-invariant": "^1.0.2",
        "tiny-warning": "^1.0.0",
        "value-equal": "^1.0.1"
      }
    },
    "hoist-non-react-statics": {
      "version": "3.3.2",
      "requires": {
        "react-is": "^16.7.0"
      }
    },
    "invariant": {
      "version": "2.2.4",
      "resolved": "https://registry.npmjs.org/invariant/-/invariant-2.2.4.tgz",
      "integrity": "sha512-phJfQVBuaJM5raOpJjSfkiD6BpbCE4Ns//LaXl6wGYtUBY83nWS6Rf9tXm2e8VaK60JEjYldbPif/A2B1C2gNA==",
      "requires": {
        "loose-envify": "^1.0.0"
      }
    },
    "isarray": {
      "version": "0.0.1"
    },
    "js-tokens": {
      "version": "4.0.0"
    },
    "loose-envify": {
      "version": "1.4.0",
      "requires": {
        "js-tokens": "^3.0.0 || ^4.0.0"
      }
    },
    "mini-create-react-context": {
      "version": "0.4.1",
      "requires": {
        "@babel/runtime": "^7.12.1",
        "tiny-warning": "^1.0.3"
      }
    },
    "object-assign": {
      "version": "4.1.1"
    },
    "path-to-regexp": {
      "version": "1.8.0",
      "requires": {
        "isarray": "0.0.1"
      }
    },
    "performance-now": {
      "version": "2.1.0",
      "resolved": "https://registry.npmjs.org/performance-now/-/performance-now-2.1.0.tgz",
      "integrity": "sha1-Ywn04OX6kT7BxpMHrjZLSzd8nns="
    },
    "prefix-style": {
      "version": "2.0.1",
      "resolved": "https://registry.npmjs.org/prefix-style/-/prefix-style-2.0.1.tgz",
      "integrity": "sha1-ZrupqHDP2jCKXcIOhekSCTLJWgY="
    },
    "prop-types": {
      "version": "15.7.2",
      "requires": {
        "loose-envify": "^1.4.0",
        "object-assign": "^4.1.1",
        "react-is": "^16.8.1"
      }
    },
    "raf": {
      "version": "3.4.1",
      "resolved": "https://registry.npmjs.org/raf/-/raf-3.4.1.tgz",
      "integrity": "sha512-Sq4CW4QhwOHE8ucn6J34MqtZCeWFP2aQSmrlroYgqAV1PjStIhJXxYuTgUIfkEk7zTLjmIjLmU5q+fbD1NnOJA==",
      "requires": {
        "performance-now": "^2.1.0"
      }
    },
    "react": {
      "version": "16.14.0",
      "resolved": "https://registry.npmjs.org/react/-/react-16.14.0.tgz",
      "integrity": "sha512-0X2CImDkJGApiAlcf0ODKIneSwBPhqJawOa5wCtKbu7ZECrmS26NvtSILynQ66cgkT/RJ4LidJOc3bUESwmU8g==",
      "peer": true,
      "requires": {
        "loose-envify": "^1.1.0",
        "object-assign": "^4.1.1",
        "prop-types": "^15.6.2"
      }
    },
    "react-custom-scrollbars": {
      "version": "4.2.1",
      "resolved": "https://registry.npmjs.org/react-custom-scrollbars/-/react-custom-scrollbars-4.2.1.tgz",
      "integrity": "sha1-gw/ZUCkn6X6KeMIIaBOJmyqLZts=",
      "requires": {
        "dom-css": "^2.0.0",
        "prop-types": "^15.5.10",
        "raf": "^3.1.0"
      }
    },
    "react-dom": {
      "version": "16.14.0",
      "resolved": "https://registry.npmjs.org/react-dom/-/react-dom-16.14.0.tgz",
      "integrity": "sha512-1gCeQXDLoIqMgqD3IO2Ah9bnf0w9kzhwN5q4FGnHZ67hBm9yePzB5JJAIQCc8x3pFnNlwFq4RidZggNAAkzWWw==",
      "peer": true,
      "requires": {
        "loose-envify": "^1.1.0",
        "object-assign": "^4.1.1",
        "prop-types": "^15.6.2",
        "scheduler": "^0.19.1"
      }
    },
    "react-is": {
      "version": "16.13.1"
    },
    "react-mentions": {
      "version": "4.1.1",
      "resolved": "https://registry.npmjs.org/react-mentions/-/react-mentions-4.1.1.tgz",
      "integrity": "sha512-+BK8dQzXPZUBFYfbv1hwbve9lp0lGYHOUyb1hk9s13mzvmVD9S+l9oszo1CaumVjYdb9olJ4NMJW2jBRGck9Rw==",
      "requires": {
        "@babel/runtime": "7.4.5",
        "invariant": "^2.2.4",
        "prop-types": "^15.5.8",
        "substyle": "^9.1.0"
      },
      "dependencies": {
        "@babel/runtime": {
          "version": "7.4.5",
          "resolved": "https://registry.npmjs.org/@babel/runtime/-/runtime-7.4.5.tgz",
          "integrity": "sha512-TuI4qpWZP6lGOGIuGWtp9sPluqYICmbk8T/1vpSysqJxRPkudh/ofFWyqdcMsDf2s7KvDL4/YHgKyvcS3g9CJQ==",
          "requires": {
            "regenerator-runtime": "^0.13.2"
          }
        }
      }
    },
    "react-router": {
      "version": "5.2.0",
      "requires": {
        "@babel/runtime": "^7.1.2",
        "history": "^4.9.0",
        "hoist-non-react-statics": "^3.1.0",
        "loose-envify": "^1.3.1",
        "mini-create-react-context": "^0.4.0",
        "path-to-regexp": "^1.7.0",
        "prop-types": "^15.6.2",
        "react-is": "^16.6.0",
        "tiny-invariant": "^1.0.2",
        "tiny-warning": "^1.0.0"
      }
    },
    "regenerator-runtime": {
      "version": "0.13.7"
    },
    "regexify-string": {
      "version": "1.0.5",
      "resolved": "https://registry.npmjs.org/regexify-string/-/regexify-string-1.0.5.tgz",
      "integrity": "sha512-ExFC1+ayUKWBuEAX1TyUAIr3v5s75/x29703PtXyP0rfsuOSAslqKwRc0AbwKosY6GSj/wJGxRkL9trWcdQY7A=="
    },
    "resolve-pathname": {
      "version": "3.0.0"
    },
    "scheduler": {
      "version": "0.19.1",
      "resolved": "https://registry.npmjs.org/scheduler/-/scheduler-0.19.1.tgz",
      "integrity": "sha512-n/zwRWRYSUj0/3g/otKDRPMh6qv2SYMWNq85IEa8iZyAv8od9zDYpGSnpBEjNgcMNq6Scbu5KfIPxNF72R/2EA==",
      "peer": true,
      "requires": {
        "loose-envify": "^1.1.0",
        "object-assign": "^4.1.1"
      }
    },
    "substyle": {
      "version": "9.3.0",
      "resolved": "https://registry.npmjs.org/substyle/-/substyle-9.3.0.tgz",
      "integrity": "sha512-OK6A6EpqOfRvlwOnrgwFKIi8UDJwCQ2UB5cIJGMEFvl3zUUA83XDbRUJizECj66CdeZ9pGjkmwRxyc/9wBGQMA==",
      "requires": {
        "@babel/runtime": "^7.3.4",
        "invariant": "^2.2.4"
      }
    },
    "tiny-invariant": {
      "version": "1.1.0"
    },
    "tiny-warning": {
      "version": "1.0.3"
    },
    "to-camel-case": {
      "version": "1.0.0",
      "resolved": "https://registry.npmjs.org/to-camel-case/-/to-camel-case-1.0.0.tgz",
      "integrity": "sha1-GlYFSy+daWKYzmamCJcyK29CPkY=",
      "requires": {
        "to-space-case": "^1.0.0"
      }
    },
    "to-no-case": {
      "version": "1.0.2",
      "resolved": "https://registry.npmjs.org/to-no-case/-/to-no-case-1.0.2.tgz",
      "integrity": "sha1-xyKQcWTvaxeBMsjmmTAhLRtKoWo="
    },
    "to-space-case": {
      "version": "1.0.0",
      "resolved": "https://registry.npmjs.org/to-space-case/-/to-space-case-1.0.0.tgz",
      "integrity": "sha1-sFLar7Gysp3HcM6gFj5ewOvJ/Bc=",
      "requires": {
        "to-no-case": "^1.0.0"
      }
    },
    "value-equal": {
      "version": "1.0.1"
    }
  }
}
